
Microsoft Visual Studio Solution File, Format Version 12.00
# Visual Studio Version 17
VisualStudioVersion = 17.0.31903.59
MinimumVisualStudioVersion = 10.0.40219.1
Project("{FAE04EC0-301F-11D3-BF4B-00C04F79EFBC}") = "AwsCronValidator", "AwsCronValidator\AwsCronValidator.csproj", "{B3A87232-D365-4DDD-98E9-6C7CCCEB2DAD}"
EndProject
Project("{FAE04EC0-301F-11D3-BF4B-00C04F79EFBC}") = "AwsCronValidator.Tests", "AwsCronValidator.Tests\AwsCronValidator.Tests.csproj", "{945C8A44-9B8A-4A6F-848D-063CDFA5CF4E}"
EndProject
Project("{FAE04EC0-301F-11D3-BF4B-00C04F79EFBC}") = "AwsCronValidatorDemo", "AwsCronValidatorDemo\AwsCronValidatorDemo.csproj", "{24385924-7599-4221-A062-3E32F158E815}"
EndProject
Global
	GlobalSection(SolutionConfigurationPlatforms) = preSolution
		Debug|Any CPU = Debug|Any CPU
		Release|Any CPU = Release|Any CPU
	EndGlobalSection
	GlobalSection(SolutionProperties) = preSolution
		HideSolutionNode = FALSE
	EndGlobalSection
	GlobalSection(ProjectConfigurationPlatforms) = postSolution
		{B3A87232-D365-4DDD-98E9-6C7CCCEB2DAD}.Debug|Any CPU.ActiveCfg = Debug|Any CPU
		{B3A87232-D365-4DDD-98E9-6C7CCCEB2DAD}.Debug|Any CPU.Build.0 = Debug|Any CPU
		{B3A87232-D365-4DDD-98E9-6C7CCCEB2DAD}.Release|Any CPU.ActiveCfg = Release|Any CPU
		{B3A87232-D365-4DDD-98E9-6C7CCCEB2DAD}.Release|Any CPU.Build.0 = Release|Any CPU
		{945C8A44-9B8A-4A6F-848D-063CDFA5CF4E}.Debug|Any CPU.ActiveCfg = Debug|Any CPU
		{945C8A44-9B8A-4A6F-848D-063CDFA5CF4E}.Debug|Any CPU.Build.0 = Debug|Any CPU
		{945C8A44-9B8A-4A6F-848D-063CDFA5CF4E}.Release|Any CPU.ActiveCfg = Release|Any CPU
		{945C8A44-9B8A-4A6F-848D-063CDFA5CF4E}.Release|Any CPU.Build.0 = Release|Any CPU
		{24385924-7599-4221-A062-3E32F158E815}.Debug|Any CPU.ActiveCfg = Debug|Any CPU
		{24385924-7599-4221-A062-3E32F158E815}.Debug|Any CPU.Build.0 = Debug|Any CPU
		{24385924-7599-4221-A062-3E32F158E815}.Release|Any CPU.ActiveCfg = Release|Any CPU
		{24385924-7599-4221-A062-3E32F158E815}.Release|Any CPU.Build.0 = Release|Any CPU
	EndGlobalSection
EndGlobal
